
Microsoft Visual Studio Solution File, Format Version 12.00
# Visual Studio Version 17
VisualStudioVersion = 17.13.35913.81 d17.13
MinimumVisualStudioVersion = 10.0.40219.1
Project("{FAE04EC0-301F-11D3-BF4B-00C04F79EFBC}") = "TestFBT", "TestFBT\TestFBT.csproj", "{D9A79377-E6C6-44CF-8FAB-76EBFB989DDA}"
EndProject
Project("{FAE04EC0-301F-11D3-BF4B-00C04F79EFBC}") = "Application", "Application\Application.csproj", "{2617468C-58B1-4A21-A674-E7553FDB8EB4}"
EndProject
Project("{FAE04EC0-301F-11D3-BF4B-00C04F79EFBC}") = "Models", "Models\Models.csproj", "{2FD0C414-0075-4953-9642-56523BB13E81}"
EndProject
Project("{FAE04EC0-301F-11D3-BF4B-00C04F79EFBC}") = "Persistance", "Persistance\Persistance.csproj", "{0914C63E-51A3-400A-B454-F6A67F89BE4D}"
EndProject
Project("{FAE04EC0-301F-11D3-BF4B-00C04F79EFBC}") = "PersistanceMigrations", "PersistanceMigrations\PersistanceMigrations.csproj", "{58FB488A-4179-4A0D-9BCD-33A61C80C7FE}"
EndProject
Global
	GlobalSection(SolutionConfigurationPlatforms) = preSolution
		Debug|Any CPU = Debug|Any CPU
		Release|Any CPU = Release|Any CPU
	EndGlobalSection
	GlobalSection(ProjectConfigurationPlatforms) = postSolution
		{D9A79377-E6C6-44CF-8FAB-76EBFB989DDA}.Debug|Any CPU.ActiveCfg = Debug|Any CPU
		{D9A79377-E6C6-44CF-8FAB-76EBFB989DDA}.Debug|Any CPU.Build.0 = Debug|Any CPU
		{D9A79377-E6C6-44CF-8FAB-76EBFB989DDA}.Release|Any CPU.ActiveCfg = Release|Any CPU
		{D9A79377-E6C6-44CF-8FAB-76EBFB989DDA}.Release|Any CPU.Build.0 = Release|Any CPU
		{2617468C-58B1-4A21-A674-E7553FDB8EB4}.Debug|Any CPU.ActiveCfg = Debug|Any CPU
		{2617468C-58B1-4A21-A674-E7553FDB8EB4}.Debug|Any CPU.Build.0 = Debug|Any CPU
		{2617468C-58B1-4A21-A674-E7553FDB8EB4}.Release|Any CPU.ActiveCfg = Release|Any CPU
		{2617468C-58B1-4A21-A674-E7553FDB8EB4}.Release|Any CPU.Build.0 = Release|Any CPU
		{2FD0C414-0075-4953-9642-56523BB13E81}.Debug|Any CPU.ActiveCfg = Debug|Any CPU
		{2FD0C414-0075-4953-9642-56523BB13E81}.Debug|Any CPU.Build.0 = Debug|Any CPU
		{2FD0C414-0075-4953-9642-56523BB13E81}.Release|Any CPU.ActiveCfg = Release|Any CPU
		{2FD0C414-0075-4953-9642-56523BB13E81}.Release|Any CPU.Build.0 = Release|Any CPU
		{0914C63E-51A3-400A-B454-F6A67F89BE4D}.Debug|Any CPU.ActiveCfg = Debug|Any CPU
		{0914C63E-51A3-400A-B454-F6A67F89BE4D}.Debug|Any CPU.Build.0 = Debug|Any CPU
		{0914C63E-51A3-400A-B454-F6A67F89BE4D}.Release|Any CPU.ActiveCfg = Release|Any CPU
		{0914C63E-51A3-400A-B454-F6A67F89BE4D}.Release|Any CPU.Build.0 = Release|Any CPU
		{58FB488A-4179-4A0D-9BCD-33A61C80C7FE}.Debug|Any CPU.ActiveCfg = Debug|Any CPU
		{58FB488A-4179-4A0D-9BCD-33A61C80C7FE}.Debug|Any CPU.Build.0 = Debug|Any CPU
		{58FB488A-4179-4A0D-9BCD-33A61C80C7FE}.Release|Any CPU.ActiveCfg = Release|Any CPU
		{58FB488A-4179-4A0D-9BCD-33A61C80C7FE}.Release|Any CPU.Build.0 = Release|Any CPU
	EndGlobalSection
	GlobalSection(SolutionProperties) = preSolution
		HideSolutionNode = FALSE
	EndGlobalSection
	GlobalSection(ExtensibilityGlobals) = postSolution
		SolutionGuid = {C5CCA0C7-178B-45F5-B983-F0DB8C81975F}
	EndGlobalSection
EndGlobal
